
Microsoft Visual Studio Solution File, Format Version 12.00
Project("{2150E333-8FDC-42A3-9474-1A3956D46DE8}") = "0_SolutionItems", "0_SolutionItems", "{25EC2FEF-552F-4094-894B-D5C0D0C51FCF}"
	ProjectSection(SolutionItems) = preProject
		..\README.md = ..\README.md
		docker-compose.yml = docker-compose.yml
		Directory.Build.props = Directory.Build.props
		Dockerfile = Dockerfile
	EndProjectSection
EndProject
Project("{FAE04EC0-301F-11D3-BF4B-00C04F79EFBC}") = "App.Domain", "App.Domain\App.Domain.csproj", "{8023EAAB-FA5F-48B8-B711-830FFC18924D}"
EndProject
Project("{2150E333-8FDC-42A3-9474-1A3956D46DE8}") = "2_Base", "2_Base", "{B5D7521E-85B3-4849-AD95-E392ABAE77CF}"
EndProject
Project("{2150E333-8FDC-42A3-9474-1A3956D46DE8}") = "1_App", "1_App", "{5C876FE9-2875-4271-9184-CEF49E756D24}"
EndProject
Project("{FAE04EC0-301F-11D3-BF4B-00C04F79EFBC}") = "Base.Domain", "Base.Domain\Base.Domain.csproj", "{824E42E1-F82D-4613-87EA-944FB8DF65DF}"
EndProject
Project("{FAE04EC0-301F-11D3-BF4B-00C04F79EFBC}") = "Base.Contracts.Domain", "Base.Contracts.Domain\Base.Contracts.Domain.csproj", "{C2097E9F-6A6F-480B-A8BB-4CB64593499D}"
EndProject
Project("{FAE04EC0-301F-11D3-BF4B-00C04F79EFBC}") = "WebApp", "WebApp\WebApp.csproj", "{F5E1E849-6F95-4F8A-AB90-837D85451E07}"
EndProject
Project("{FAE04EC0-301F-11D3-BF4B-00C04F79EFBC}") = "App.DAL.EF", "App.DAL.EF\App.DAL.EF.csproj", "{E70EFAF3-0A63-4DF2-A475-912661C6E532}"
EndProject
Project("{FAE04EC0-301F-11D3-BF4B-00C04F79EFBC}") = "Base.Contracts.DAL", "Base.Contracts.DAL\Base.Contracts.DAL.csproj", "{5988A0AC-994D-42F9-9298-7296D4B0CA87}"
EndProject
Project("{FAE04EC0-301F-11D3-BF4B-00C04F79EFBC}") = "Base.DAL.EF", "Base.DAL.EF\Base.DAL.EF.csproj", "{1A2D012E-4B8D-4F31-98F1-D575D4788031}"
EndProject
Project("{FAE04EC0-301F-11D3-BF4B-00C04F79EFBC}") = "App.Contracts.DAL", "App.Contracts.DAL\App.Contracts.DAL.csproj", "{866F1CAC-2B47-44D2-8DC1-731574FF5268}"
EndProject
Project("{FAE04EC0-301F-11D3-BF4B-00C04F79EFBC}") = "Helpers", "Helpers\Helpers.csproj", "{3376BADB-1AA6-48A8-B940-9F2F3E9BB5AC}"
EndProject
Project("{FAE04EC0-301F-11D3-BF4B-00C04F79EFBC}") = "App.DTO", "App.DTO\App.DTO.csproj", "{4CF8FF13-BAF5-43D1-A2F6-CE37F157953B}"
EndProject
Project("{FAE04EC0-301F-11D3-BF4B-00C04F79EFBC}") = "Base.Contracts.BLL", "Base.Contracts.BLL\Base.Contracts.BLL.csproj", "{8F16A5CC-FCC5-4E75-ADC9-5C0EEAADA1CF}"
EndProject
Project("{FAE04EC0-301F-11D3-BF4B-00C04F79EFBC}") = "Base.BLL", "Base.BLL\Base.BLL.csproj", "{7AB2D726-F810-48BA-954B-EDC3B17CE4EA}"
EndProject
Project("{FAE04EC0-301F-11D3-BF4B-00C04F79EFBC}") = "App.BLL", "App.BLL\App.BLL.csproj", "{17770F4B-B079-469A-9AD7-87BD67568825}"
EndProject
Project("{FAE04EC0-301F-11D3-BF4B-00C04F79EFBC}") = "App.Contracts.BLL", "App.Contracts.BLL\App.Contracts.BLL.csproj", "{E7F423E4-2DF7-4135-85EE-14F6C22ABD5F}"
EndProject
Project("{FAE04EC0-301F-11D3-BF4B-00C04F79EFBC}") = "App.BLL.DTO", "App.BLL.DTO\App.BLL.DTO.csproj", "{5EB67309-C3E2-4AA9-9560-A4AEAD6FDBD4}"
EndProject
Project("{FAE04EC0-301F-11D3-BF4B-00C04F79EFBC}") = "App.DAL.DTO", "App.DAL.DTO\App.DAL.DTO.csproj", "{3630564A-B789-4034-AFE9-22CB181A9296}"
EndProject
Project("{FAE04EC0-301F-11D3-BF4B-00C04F79EFBC}") = "Base.Test", "Base.Test\Base.Test.csproj", "{5EC6BA79-2DC9-40EA-99D8-61005C8A0306}"
EndProject
Global
	GlobalSection(SolutionConfigurationPlatforms) = preSolution
		Debug|Any CPU = Debug|Any CPU
		Release|Any CPU = Release|Any CPU
	EndGlobalSection
	GlobalSection(ProjectConfigurationPlatforms) = postSolution
		{8023EAAB-FA5F-48B8-B711-830FFC18924D}.Debug|Any CPU.ActiveCfg = Debug|Any CPU
		{8023EAAB-FA5F-48B8-B711-830FFC18924D}.Debug|Any CPU.Build.0 = Debug|Any CPU
		{8023EAAB-FA5F-48B8-B711-830FFC18924D}.Release|Any CPU.ActiveCfg = Release|Any CPU
		{8023EAAB-FA5F-48B8-B711-830FFC18924D}.Release|Any CPU.Build.0 = Release|Any CPU
		{824E42E1-F82D-4613-87EA-944FB8DF65DF}.Debug|Any CPU.ActiveCfg = Debug|Any CPU
		{824E42E1-F82D-4613-87EA-944FB8DF65DF}.Debug|Any CPU.Build.0 = Debug|Any CPU
		{824E42E1-F82D-4613-87EA-944FB8DF65DF}.Release|Any CPU.ActiveCfg = Release|Any CPU
		{824E42E1-F82D-4613-87EA-944FB8DF65DF}.Release|Any CPU.Build.0 = Release|Any CPU
		{C2097E9F-6A6F-480B-A8BB-4CB64593499D}.Debug|Any CPU.ActiveCfg = Debug|Any CPU
		{C2097E9F-6A6F-480B-A8BB-4CB64593499D}.Debug|Any CPU.Build.0 = Debug|Any CPU
		{C2097E9F-6A6F-480B-A8BB-4CB64593499D}.Release|Any CPU.ActiveCfg = Release|Any CPU
		{C2097E9F-6A6F-480B-A8BB-4CB64593499D}.Release|Any CPU.Build.0 = Release|Any CPU
		{F5E1E849-6F95-4F8A-AB90-837D85451E07}.Debug|Any CPU.ActiveCfg = Debug|Any CPU
		{F5E1E849-6F95-4F8A-AB90-837D85451E07}.Debug|Any CPU.Build.0 = Debug|Any CPU
		{F5E1E849-6F95-4F8A-AB90-837D85451E07}.Release|Any CPU.ActiveCfg = Release|Any CPU
		{F5E1E849-6F95-4F8A-AB90-837D85451E07}.Release|Any CPU.Build.0 = Release|Any CPU
		{E70EFAF3-0A63-4DF2-A475-912661C6E532}.Debug|Any CPU.ActiveCfg = Debug|Any CPU
		{E70EFAF3-0A63-4DF2-A475-912661C6E532}.Debug|Any CPU.Build.0 = Debug|Any CPU
		{E70EFAF3-0A63-4DF2-A475-912661C6E532}.Release|Any CPU.ActiveCfg = Release|Any CPU
		{E70EFAF3-0A63-4DF2-A475-912661C6E532}.Release|Any CPU.Build.0 = Release|Any CPU
		{5988A0AC-994D-42F9-9298-7296D4B0CA87}.Debug|Any CPU.ActiveCfg = Debug|Any CPU
		{5988A0AC-994D-42F9-9298-7296D4B0CA87}.Debug|Any CPU.Build.0 = Debug|Any CPU
		{5988A0AC-994D-42F9-9298-7296D4B0CA87}.Release|Any CPU.ActiveCfg = Release|Any CPU
		{5988A0AC-994D-42F9-9298-7296D4B0CA87}.Release|Any CPU.Build.0 = Release|Any CPU
		{1A2D012E-4B8D-4F31-98F1-D575D4788031}.Debug|Any CPU.ActiveCfg = Debug|Any CPU
		{1A2D012E-4B8D-4F31-98F1-D575D4788031}.Debug|Any CPU.Build.0 = Debug|Any CPU
		{1A2D012E-4B8D-4F31-98F1-D575D4788031}.Release|Any CPU.ActiveCfg = Release|Any CPU
		{1A2D012E-4B8D-4F31-98F1-D575D4788031}.Release|Any CPU.Build.0 = Release|Any CPU
		{866F1CAC-2B47-44D2-8DC1-731574FF5268}.Debug|Any CPU.ActiveCfg = Debug|Any CPU
		{866F1CAC-2B47-44D2-8DC1-731574FF5268}.Debug|Any CPU.Build.0 = Debug|Any CPU
		{866F1CAC-2B47-44D2-8DC1-731574FF5268}.Release|Any CPU.ActiveCfg = Release|Any CPU
		{866F1CAC-2B47-44D2-8DC1-731574FF5268}.Release|Any CPU.Build.0 = Release|Any CPU
		{3376BADB-1AA6-48A8-B940-9F2F3E9BB5AC}.Debug|Any CPU.ActiveCfg = Debug|Any CPU
		{3376BADB-1AA6-48A8-B940-9F2F3E9BB5AC}.Debug|Any CPU.Build.0 = Debug|Any CPU
		{3376BADB-1AA6-48A8-B940-9F2F3E9BB5AC}.Release|Any CPU.ActiveCfg = Release|Any CPU
		{3376BADB-1AA6-48A8-B940-9F2F3E9BB5AC}.Release|Any CPU.Build.0 = Release|Any CPU
		{4CF8FF13-BAF5-43D1-A2F6-CE37F157953B}.Debug|Any CPU.ActiveCfg = Debug|Any CPU
		{4CF8FF13-BAF5-43D1-A2F6-CE37F157953B}.Debug|Any CPU.Build.0 = Debug|Any CPU
		{4CF8FF13-BAF5-43D1-A2F6-CE37F157953B}.Release|Any CPU.ActiveCfg = Release|Any CPU
		{4CF8FF13-BAF5-43D1-A2F6-CE37F157953B}.Release|Any CPU.Build.0 = Release|Any CPU
		{8F16A5CC-FCC5-4E75-ADC9-5C0EEAADA1CF}.Debug|Any CPU.ActiveCfg = Debug|Any CPU
		{8F16A5CC-FCC5-4E75-ADC9-5C0EEAADA1CF}.Debug|Any CPU.Build.0 = Debug|Any CPU
		{8F16A5CC-FCC5-4E75-ADC9-5C0EEAADA1CF}.Release|Any CPU.ActiveCfg = Release|Any CPU
		{8F16A5CC-FCC5-4E75-ADC9-5C0EEAADA1CF}.Release|Any CPU.Build.0 = Release|Any CPU
		{7AB2D726-F810-48BA-954B-EDC3B17CE4EA}.Debug|Any CPU.ActiveCfg = Debug|Any CPU
		{7AB2D726-F810-48BA-954B-EDC3B17CE4EA}.Debug|Any CPU.Build.0 = Debug|Any CPU
		{7AB2D726-F810-48BA-954B-EDC3B17CE4EA}.Release|Any CPU.ActiveCfg = Release|Any CPU
		{7AB2D726-F810-48BA-954B-EDC3B17CE4EA}.Release|Any CPU.Build.0 = Release|Any CPU
		{17770F4B-B079-469A-9AD7-87BD67568825}.Debug|Any CPU.ActiveCfg = Debug|Any CPU
		{17770F4B-B079-469A-9AD7-87BD67568825}.Debug|Any CPU.Build.0 = Debug|Any CPU
		{17770F4B-B079-469A-9AD7-87BD67568825}.Release|Any CPU.ActiveCfg = Release|Any CPU
		{17770F4B-B079-469A-9AD7-87BD67568825}.Release|Any CPU.Build.0 = Release|Any CPU
		{E7F423E4-2DF7-4135-85EE-14F6C22ABD5F}.Debug|Any CPU.ActiveCfg = Debug|Any CPU
		{E7F423E4-2DF7-4135-85EE-14F6C22ABD5F}.Debug|Any CPU.Build.0 = Debug|Any CPU
		{E7F423E4-2DF7-4135-85EE-14F6C22ABD5F}.Release|Any CPU.ActiveCfg = Release|Any CPU
		{E7F423E4-2DF7-4135-85EE-14F6C22ABD5F}.Release|Any CPU.Build.0 = Release|Any CPU
		{5EB67309-C3E2-4AA9-9560-A4AEAD6FDBD4}.Debug|Any CPU.ActiveCfg = Debug|Any CPU
		{5EB67309-C3E2-4AA9-9560-A4AEAD6FDBD4}.Debug|Any CPU.Build.0 = Debug|Any CPU
		{5EB67309-C3E2-4AA9-9560-A4AEAD6FDBD4}.Release|Any CPU.ActiveCfg = Release|Any CPU
		{5EB67309-C3E2-4AA9-9560-A4AEAD6FDBD4}.Release|Any CPU.Build.0 = Release|Any CPU
		{3630564A-B789-4034-AFE9-22CB181A9296}.Debug|Any CPU.ActiveCfg = Debug|Any CPU
		{3630564A-B789-4034-AFE9-22CB181A9296}.Debug|Any CPU.Build.0 = Debug|Any CPU
		{3630564A-B789-4034-AFE9-22CB181A9296}.Release|Any CPU.ActiveCfg = Release|Any CPU
		{3630564A-B789-4034-AFE9-22CB181A9296}.Release|Any CPU.Build.0 = Release|Any CPU
		{5EC6BA79-2DC9-40EA-99D8-61005C8A0306}.Debug|Any CPU.ActiveCfg = Debug|Any CPU
		{5EC6BA79-2DC9-40EA-99D8-61005C8A0306}.Debug|Any CPU.Build.0 = Debug|Any CPU
		{5EC6BA79-2DC9-40EA-99D8-61005C8A0306}.Release|Any CPU.ActiveCfg = Release|Any CPU
		{5EC6BA79-2DC9-40EA-99D8-61005C8A0306}.Release|Any CPU.Build.0 = Release|Any CPU
	EndGlobalSection
	GlobalSection(NestedProjects) = preSolution
		{8023EAAB-FA5F-48B8-B711-830FFC18924D} = {5C876FE9-2875-4271-9184-CEF49E756D24}
		{824E42E1-F82D-4613-87EA-944FB8DF65DF} = {B5D7521E-85B3-4849-AD95-E392ABAE77CF}
		{C2097E9F-6A6F-480B-A8BB-4CB64593499D} = {B5D7521E-85B3-4849-AD95-E392ABAE77CF}
		{F5E1E849-6F95-4F8A-AB90-837D85451E07} = {5C876FE9-2875-4271-9184-CEF49E756D24}
		{E70EFAF3-0A63-4DF2-A475-912661C6E532} = {5C876FE9-2875-4271-9184-CEF49E756D24}
		{5988A0AC-994D-42F9-9298-7296D4B0CA87} = {B5D7521E-85B3-4849-AD95-E392ABAE77CF}
		{1A2D012E-4B8D-4F31-98F1-D575D4788031} = {B5D7521E-85B3-4849-AD95-E392ABAE77CF}
		{866F1CAC-2B47-44D2-8DC1-731574FF5268} = {5C876FE9-2875-4271-9184-CEF49E756D24}
		{3376BADB-1AA6-48A8-B940-9F2F3E9BB5AC} = {B5D7521E-85B3-4849-AD95-E392ABAE77CF}
		{4CF8FF13-BAF5-43D1-A2F6-CE37F157953B} = {5C876FE9-2875-4271-9184-CEF49E756D24}
		{8F16A5CC-FCC5-4E75-ADC9-5C0EEAADA1CF} = {B5D7521E-85B3-4849-AD95-E392ABAE77CF}
		{7AB2D726-F810-48BA-954B-EDC3B17CE4EA} = {B5D7521E-85B3-4849-AD95-E392ABAE77CF}
		{17770F4B-B079-469A-9AD7-87BD67568825} = {5C876FE9-2875-4271-9184-CEF49E756D24}
		{E7F423E4-2DF7-4135-85EE-14F6C22ABD5F} = {5C876FE9-2875-4271-9184-CEF49E756D24}
		{5EB67309-C3E2-4AA9-9560-A4AEAD6FDBD4} = {5C876FE9-2875-4271-9184-CEF49E756D24}
		{3630564A-B789-4034-AFE9-22CB181A9296} = {5C876FE9-2875-4271-9184-CEF49E756D24}
		{5EC6BA79-2DC9-40EA-99D8-61005C8A0306} = {B5D7521E-85B3-4849-AD95-E392ABAE77CF}
	EndGlobalSection
EndGlobal
